github.com/matryer/is v1.4.1 h1:55ehd8zaGABKLXQUe2awZ99BD/PTc2ls+KV/dXphgEQ=
github.com/matryer/is v1.4.1/go.mod h1:8I/i5uYgLzgsgEloJE1U6xx5HkBQpAZvepWuujKwMRU=
github.com/orsinium-labs/enum v1.5.0 h1:kr7dETN9FkmcwEdXydJOdJuP6MBtI7uSDJZQ2BbXJ7g=
github.com/orsinium-labs/enum v1.5.0/go.mod h1:Qj5IK2pnElZtkZbGDxZMjpt7SUsn4tqE5vRelmWaBbc=
github.com/rivo/uniseg v0.4.7 h1:WUdvkW8uEhrYfLC4ZzdpI2ztxP1I582+49Oc5Mq64VQ=
github.com/rivo/uniseg v0.4.7/go.mod h1:FN3SvrM+Zdj16jyLfmOkMNblXMcoc8DfTHruCPUcx88=
